
Microsoft Visual Studio Solution File, Format Version 12.00
# Visual Studio Version 16
VisualStudioVersion = 16.0.29806.167
MinimumVisualStudioVersion = 10.0.40219.1
Project("{9A19103F-16F7-4668-BE54-9A1E7A4F7556}") = "Example", "TestApp\Example.csproj", "{D0663C54-A780-470C-80A6-43EF7380F102}"
EndProject
Project("{9A19103F-16F7-4668-BE54-9A1E7A4F7556}") = "RepetierSharp", "RepetierSharp\RepetierSharp.csproj", "{0C878EF3-7885-43EC-A32B-B6F3FB43EA70}"
EndProject
Project("{9A19103F-16F7-4668-BE54-9A1E7A4F7556}") = "RepetierMqtt", "RepetierMqtt\RepetierMqtt.csproj", "{553FE5C8-6381-4B6D-A9D9-22BB0BF43239}"
EndProject
Global
	GlobalSection(SolutionConfigurationPlatforms) = preSolution
		Debug|Any CPU = Debug|Any CPU
		Release|Any CPU = Release|Any CPU
	EndGlobalSection
	GlobalSection(ProjectConfigurationPlatforms) = postSolution
		{D0663C54-A780-470C-80A6-43EF7380F102}.Debug|Any CPU.ActiveCfg = Debug|Any CPU
		{D0663C54-A780-470C-80A6-43EF7380F102}.Debug|Any CPU.Build.0 = Debug|Any CPU
		{D0663C54-A780-470C-80A6-43EF7380F102}.Release|Any CPU.ActiveCfg = Release|Any CPU
		{D0663C54-A780-470C-80A6-43EF7380F102}.Release|Any CPU.Build.0 = Release|Any CPU
		{0C878EF3-7885-43EC-A32B-B6F3FB43EA70}.Debug|Any CPU.ActiveCfg = Debug|Any CPU
		{0C878EF3-7885-43EC-A32B-B6F3FB43EA70}.Debug|Any CPU.Build.0 = Debug|Any CPU
		{0C878EF3-7885-43EC-A32B-B6F3FB43EA70}.Release|Any CPU.ActiveCfg = Release|Any CPU
		{0C878EF3-7885-43EC-A32B-B6F3FB43EA70}.Release|Any CPU.Build.0 = Release|Any CPU
		{553FE5C8-6381-4B6D-A9D9-22BB0BF43239}.Debug|Any CPU.ActiveCfg = Debug|Any CPU
		{553FE5C8-6381-4B6D-A9D9-22BB0BF43239}.Debug|Any CPU.Build.0 = Debug|Any CPU
		{553FE5C8-6381-4B6D-A9D9-22BB0BF43239}.Release|Any CPU.ActiveCfg = Release|Any CPU
		{553FE5C8-6381-4B6D-A9D9-22BB0BF43239}.Release|Any CPU.Build.0 = Release|Any CPU
	EndGlobalSection
	GlobalSection(SolutionProperties) = preSolution
		HideSolutionNode = FALSE
	EndGlobalSection
	GlobalSection(ExtensibilityGlobals) = postSolution
		SolutionGuid = {2F9FD07C-8172-4A43-AF2D-FE9467489C8A}
	EndGlobalSection
EndGlobal
